
Microsoft Visual Studio Solution File, Format Version 12.00
# Visual Studio Version 16
VisualStudioVersion = 16.0.808.3
MinimumVisualStudioVersion = 10.0.40219.1
Project("{FAE04EC0-301F-11D3-BF4B-00C04F79EFBC}") = "Rps_Game", "Rps_Game.csproj", "{B0957981-FEDB-42CE-AFD9-2819A00F198D}"
EndProject
Global
	GlobalSection(SolutionConfigurationPlatforms) = preSolution
		Debug|Any CPU = Debug|Any CPU
		Release|Any CPU = Release|Any CPU
	EndGlobalSection
	GlobalSection(ProjectConfigurationPlatforms) = postSolution
		{B0957981-FEDB-42CE-AFD9-2819A00F198D}.Debug|Any CPU.ActiveCfg = Debug|Any CPU
		{B0957981-FEDB-42CE-AFD9-2819A00F198D}.Debug|Any CPU.Build.0 = Debug|Any CPU
		{B0957981-FEDB-42CE-AFD9-2819A00F198D}.Release|Any CPU.ActiveCfg = Release|Any CPU
		{B0957981-FEDB-42CE-AFD9-2819A00F198D}.Release|Any CPU.Build.0 = Release|Any CPU
	EndGlobalSection
	GlobalSection(SolutionProperties) = preSolution
		HideSolutionNode = FALSE
	EndGlobalSection
	GlobalSection(ExtensibilityGlobals) = postSolution
		SolutionGuid = {4A8F1F08-0E43-46FF-817A-8E01E874333D}
	EndGlobalSection
EndGlobal
